
Microsoft Visual Studio Solution File, Format Version 12.00
# Visual Studio Version 16
VisualStudioVersion = 16.0.29926.136
MinimumVisualStudioVersion = 10.0.40219.1
Project("{FAE04EC0-301F-11D3-BF4B-00C04F79EFBC}") = "Курсовой", "Курсовой\Курсовой.csproj", "{ABD0870D-E39F-4BFF-A817-7A37BDB7AC73}"
EndProject
Global
	GlobalSection(SolutionConfigurationPlatforms) = preSolution
		Debug|Any CPU = Debug|Any CPU
		Release|Any CPU = Release|Any CPU
	EndGlobalSection
	GlobalSection(ProjectConfigurationPlatforms) = postSolution
		{ABD0870D-E39F-4BFF-A817-7A37BDB7AC73}.Debug|Any CPU.ActiveCfg = Debug|Any CPU
		{ABD0870D-E39F-4BFF-A817-7A37BDB7AC73}.Debug|Any CPU.Build.0 = Debug|Any CPU
		{ABD0870D-E39F-4BFF-A817-7A37BDB7AC73}.Release|Any CPU.ActiveCfg = Release|Any CPU
		{ABD0870D-E39F-4BFF-A817-7A37BDB7AC73}.Release|Any CPU.Build.0 = Release|Any CPU
	EndGlobalSection
	GlobalSection(SolutionProperties) = preSolution
		HideSolutionNode = FALSE
	EndGlobalSection
	GlobalSection(ExtensibilityGlobals) = postSolution
		SolutionGuid = {B517B5D1-8B6B-45DF-BB94-C98F50E6B319}
	EndGlobalSection
EndGlobal
